
Microsoft Visual Studio Solution File, Format Version 12.00
# Visual Studio Version 17
VisualStudioVersion = 17.12.35527.113 d17.12
MinimumVisualStudioVersion = 10.0.40219.1
Project("{FAE04EC0-301F-11D3-BF4B-00C04F79EFBC}") = "pattern 2", "pattern 2.csproj", "{22B808B1-676F-4C4B-853C-8177C2B8E15E}"
EndProject
Global
	GlobalSection(SolutionConfigurationPlatforms) = preSolution
		Debug|Any CPU = Debug|Any CPU
		Release|Any CPU = Release|Any CPU
	EndGlobalSection
	GlobalSection(ProjectConfigurationPlatforms) = postSolution
		{22B808B1-676F-4C4B-853C-8177C2B8E15E}.Debug|Any CPU.ActiveCfg = Debug|Any CPU
		{22B808B1-676F-4C4B-853C-8177C2B8E15E}.Debug|Any CPU.Build.0 = Debug|Any CPU
		{22B808B1-676F-4C4B-853C-8177C2B8E15E}.Release|Any CPU.ActiveCfg = Release|Any CPU
		{22B808B1-676F-4C4B-853C-8177C2B8E15E}.Release|Any CPU.Build.0 = Release|Any CPU
	EndGlobalSection
	GlobalSection(SolutionProperties) = preSolution
		HideSolutionNode = FALSE
	EndGlobalSection
EndGlobal
