
Microsoft Visual Studio Solution File, Format Version 12.00
# Visual Studio Version 17
VisualStudioVersion = 17.12.35527.113 d17.12
MinimumVisualStudioVersion = 10.0.40219.1
Project("{FAE04EC0-301F-11D3-BF4B-00C04F79EFBC}") = "EX1", "EX1.csproj", "{8D69639C-3B94-4D74-971C-B07175AB348E}"
EndProject
Global
	GlobalSection(SolutionConfigurationPlatforms) = preSolution
		Debug|Any CPU = Debug|Any CPU
		Release|Any CPU = Release|Any CPU
	EndGlobalSection
	GlobalSection(ProjectConfigurationPlatforms) = postSolution
		{8D69639C-3B94-4D74-971C-B07175AB348E}.Debug|Any CPU.ActiveCfg = Debug|Any CPU
		{8D69639C-3B94-4D74-971C-B07175AB348E}.Debug|Any CPU.Build.0 = Debug|Any CPU
		{8D69639C-3B94-4D74-971C-B07175AB348E}.Release|Any CPU.ActiveCfg = Release|Any CPU
		{8D69639C-3B94-4D74-971C-B07175AB348E}.Release|Any CPU.Build.0 = Release|Any CPU
	EndGlobalSection
	GlobalSection(SolutionProperties) = preSolution
		HideSolutionNode = FALSE
	EndGlobalSection
EndGlobal
