
Microsoft Visual Studio Solution File, Format Version 12.00
# Visual Studio Version 17
VisualStudioVersion = 17.12.35527.113 d17.12
MinimumVisualStudioVersion = 10.0.40219.1
Project("{FAE04EC0-301F-11D3-BF4B-00C04F79EFBC}") = "EX1", "EX1.csproj", "{C84B286A-9DA8-4643-9E4A-8858DB41B184}"
EndProject
Global
	GlobalSection(SolutionConfigurationPlatforms) = preSolution
		Debug|Any CPU = Debug|Any CPU
		Release|Any CPU = Release|Any CPU
	EndGlobalSection
	GlobalSection(ProjectConfigurationPlatforms) = postSolution
		{C84B286A-9DA8-4643-9E4A-8858DB41B184}.Debug|Any CPU.ActiveCfg = Debug|Any CPU
		{C84B286A-9DA8-4643-9E4A-8858DB41B184}.Debug|Any CPU.Build.0 = Debug|Any CPU
		{C84B286A-9DA8-4643-9E4A-8858DB41B184}.Release|Any CPU.ActiveCfg = Release|Any CPU
		{C84B286A-9DA8-4643-9E4A-8858DB41B184}.Release|Any CPU.Build.0 = Release|Any CPU
	EndGlobalSection
	GlobalSection(SolutionProperties) = preSolution
		HideSolutionNode = FALSE
	EndGlobalSection
EndGlobal
